
Microsoft Visual Studio Solution File, Format Version 12.00
# Visual Studio Version 17
VisualStudioVersion = 17.5.33516.290
MinimumVisualStudioVersion = 10.0.40219.1
Project("{FAE04EC0-301F-11D3-BF4B-00C04F79EFBC}") = "RFFC", "RFFC\RFFC.csproj", "{E31204F1-260E-4712-85B0-B8E32149A5AB}"
EndProject
Global
	GlobalSection(SolutionConfigurationPlatforms) = preSolution
		Debug|Any CPU = Debug|Any CPU
		Release|Any CPU = Release|Any CPU
	EndGlobalSection
	GlobalSection(ProjectConfigurationPlatforms) = postSolution
		{E31204F1-260E-4712-85B0-B8E32149A5AB}.Debug|Any CPU.ActiveCfg = Debug|Any CPU
		{E31204F1-260E-4712-85B0-B8E32149A5AB}.Debug|Any CPU.Build.0 = Debug|Any CPU
		{E31204F1-260E-4712-85B0-B8E32149A5AB}.Release|Any CPU.ActiveCfg = Release|Any CPU
		{E31204F1-260E-4712-85B0-B8E32149A5AB}.Release|Any CPU.Build.0 = Release|Any CPU
	EndGlobalSection
	GlobalSection(SolutionProperties) = preSolution
		HideSolutionNode = FALSE
	EndGlobalSection
	GlobalSection(ExtensibilityGlobals) = postSolution
		SolutionGuid = {499B7731-9C60-4F6E-90D1-22FF810E824F}
	EndGlobalSection
EndGlobal
